
Microsoft Visual Studio Solution File, Format Version 12.00
# Visual Studio Version 16
VisualStudioVersion = 16.0.29806.167
MinimumVisualStudioVersion = 10.0.40219.1
Project("{9A19103F-16F7-4668-BE54-9A1E7A4F7556}") = "WSHUB", "src\WSHUB\WSHUB.csproj", "{BD216595-55E1-446A-89D3-1C978326B6D4}"
EndProject
Project("{2150E333-8FDC-42A3-9474-1A3956D46DE8}") = "ApplicationCore", "ApplicationCore", "{96197DFD-FCFC-4B3F-9D78-423CD1884E03}"
EndProject
Project("{2150E333-8FDC-42A3-9474-1A3956D46DE8}") = "Infrastructure", "Infrastructure", "{633BE539-C582-4F13-8050-11CCA6F55586}"
EndProject
Project("{2150E333-8FDC-42A3-9474-1A3956D46DE8}") = "Test", "Test", "{4C01DAD7-6A4D-4C3D-ACB1-71A8B525D13B}"
EndProject
Project("{9A19103F-16F7-4668-BE54-9A1E7A4F7556}") = "DataBrowser.UseCase", "src\DataBrowser.UseCase\DataBrowser.UseCase.csproj", "{4F2A8AFA-99E9-4EA8-ADE3-1436A7C93258}"
EndProject
Project("{9A19103F-16F7-4668-BE54-9A1E7A4F7556}") = "DataBrowser.UnitTests", "test\DataBrowser.UnitTests\DataBrowser.UnitTests.csproj", "{C9428F2C-85BF-415D-ABF2-9C635EAC0C86}"
EndProject
Project("{9A19103F-16F7-4668-BE54-9A1E7A4F7556}") = "DataBrowser.Benchmark", "test\DataBrowser.Benchmark\DataBrowser.Benchmark.csproj", "{A84617ED-A571-4B81-9A3C-E386F4F58E22}"
EndProject
Project("{9A19103F-16F7-4668-BE54-9A1E7A4F7556}") = "DataBrowser.AC", "src\DataBrowser.AC\DataBrowser.AC.csproj", "{77E86457-38E3-429D-A4A3-5ECEB04EC1E4}"
EndProject
Project("{9A19103F-16F7-4668-BE54-9A1E7A4F7556}") = "DataBrowser.INF.SdmxCache", "src\DataBrowser.INF.SdmxCache\DataBrowser.INF.SdmxCache.csproj", "{C5B9E7B7-6930-4EEC-8E06-FC1C939E2FAC}"
EndProject
Project("{9A19103F-16F7-4668-BE54-9A1E7A4F7556}") = "DataBrowser.DB.EFCore", "src\DataBrowser.DB.EFCore\DataBrowser.DB.EFCore.csproj", "{76A6648A-24E4-4A43-BBAB-DA78066AAFE3}"
EndProject
Project("{9A19103F-16F7-4668-BE54-9A1E7A4F7556}") = "DataBrowser.Specifications", "src\DataBrowser.Specifications\DataBrowser.Specifications.csproj", "{C3E5FF46-2628-4BCE-B390-3870DA25E7F7}"
EndProject
Project("{9A19103F-16F7-4668-BE54-9A1E7A4F7556}") = "DataBrowser.IntegrationTests", "test\DataBrowser.IntegrationTests\DataBrowser.IntegrationTests.csproj", "{56EBC163-3B57-42F2-90E0-9F3C5EE4579B}"
EndProject
Project("{2150E333-8FDC-42A3-9474-1A3956D46DE8}") = "Connector", "Connector", "{B50F6589-766F-497A-BCA5-39F92272485F}"
EndProject
Project("{9A19103F-16F7-4668-BE54-9A1E7A4F7556}") = "DataBrowser.Interfaces", "src\DataBrowser.Interfaces\DataBrowser.Interfaces.csproj", "{E9E70C6E-B5DF-4941-8603-F335DDCA7377}"
EndProject
Project("{9A19103F-16F7-4668-BE54-9A1E7A4F7556}") = "DataBrowser.INF.Modules", "src\DataBrowser.INF.Modules\DataBrowser.INF.Modules.csproj", "{6B7488A0-EA35-4D4B-956C-0D410A5C043F}"
	ProjectSection(ProjectDependencies) = postProject
		{DDA7F5D5-CE9F-452F-AD68-DF09F97D37DF} = {DDA7F5D5-CE9F-452F-AD68-DF09F97D37DF}
	EndProjectSection
EndProject
Project("{9A19103F-16F7-4668-BE54-9A1E7A4F7556}") = "Sister.EndPointConnector.Sdmx", "src\Sister.EndPointConnector.Sdmx\Sister.EndPointConnector.Sdmx.csproj", "{CA74002C-D440-4193-BE3C-7951AB864565}"
	ProjectSection(ProjectDependencies) = postProject
		{DDA7F5D5-CE9F-452F-AD68-DF09F97D37DF} = {DDA7F5D5-CE9F-452F-AD68-DF09F97D37DF}
	EndProjectSection
EndProject
Project("{9A19103F-16F7-4668-BE54-9A1E7A4F7556}") = "Sister.EndPointConnector.Spod", "src\Sister.EndPointConnector.Spod\Sister.EndPointConnector.Spod.csproj", "{F9D55C16-E2B4-4FF2-8E42-8933A52A686E}"
EndProject
Project("{9A19103F-16F7-4668-BE54-9A1E7A4F7556}") = "EndPointConnector.ParserSdmx", "src\EndPointConnector.ParserSdmx\EndPointConnector.ParserSdmx.csproj", "{EA5AA3A3-1DB6-456C-BF2D-ABCB797B058C}"
EndProject
Project("{9A19103F-16F7-4668-BE54-9A1E7A4F7556}") = "EndPointConnector.Models", "src\EndPointConnector.Models\EndPointConnector.Models.csproj", "{F6DEB2D9-7020-4A3A-808B-B76D002F20B8}"
EndProject
Project("{9A19103F-16F7-4668-BE54-9A1E7A4F7556}") = "EndPointConnector.Interfaces.Spod", "src\EndPointConnector.Interfaces.Spod\EndPointConnector.Interfaces.Spod.csproj", "{659DD33A-BF3F-46D4-930C-CC696C5DC821}"
EndProject
Project("{9A19103F-16F7-4668-BE54-9A1E7A4F7556}") = "EndPointConnector.Interfaces.Sdmx", "src\EndPointConnector.Interfaces.Sdmx\EndPointConnector.Interfaces.Sdmx.csproj", "{1E3BBDF4-BA76-4945-9BCF-3059F0CE3E07}"
EndProject
Project("{9A19103F-16F7-4668-BE54-9A1E7A4F7556}") = "EndPointConnector.Interfaces", "src\EndPointConnector.Interfaces\EndPointConnector.Interfaces.csproj", "{EC0E3B2A-2C7C-4D3A-95E3-4C71450BF485}"
EndProject
Project("{9A19103F-16F7-4668-BE54-9A1E7A4F7556}") = "EndPointConnector.JsonStatParser", "src\EndPointConnector.JsonStatParser\EndPointConnector.JsonStatParser.csproj", "{DF04735A-70B0-496B-89E8-70DF3EA393C1}"
	ProjectSection(ProjectDependencies) = postProject
		{1E3BBDF4-BA76-4945-9BCF-3059F0CE3E07} = {1E3BBDF4-BA76-4945-9BCF-3059F0CE3E07}
	EndProjectSection
EndProject
Project("{9A19103F-16F7-4668-BE54-9A1E7A4F7556}") = "EndPointConnector.JsonStatParser.UnitTests", "test\EndPointConnector.JsonStatParser.UnitTests\EndPointConnector.JsonStatParser.UnitTests.csproj", "{DA56C3A5-84D3-4053-9B5E-9036B710B7F2}"
EndProject
Project("{9A19103F-16F7-4668-BE54-9A1E7A4F7556}") = "EndPointConnector.Tests", "test\EndPointConnector.Tests\EndPointConnector.Tests.csproj", "{B8D7032E-9E4D-4F19-AD9C-3B10A1AF196F}"
EndProject
Project("{9A19103F-16F7-4668-BE54-9A1E7A4F7556}") = "Sister.EndPointConnector.Sdmx.UnitTests", "test\Sister.EndPointConnector.Sdmx.UnitTests\Sister.EndPointConnector.Sdmx.UnitTests.csproj", "{C464C78D-834E-4541-8800-599147BB2A5D}"
EndProject
Project("{9A19103F-16F7-4668-BE54-9A1E7A4F7556}") = "DataBrowser.Query", "src\DataBrowser.Query\DataBrowser.Query.csproj", "{679F7F6E-73D7-468A-8309-A4BA672BEDBF}"
EndProject
Project("{9A19103F-16F7-4668-BE54-9A1E7A4F7556}") = "DataBrowser.Command", "src\DataBrowser.Command\DataBrowser.Command.csproj", "{E6398DE4-FBCF-4279-BD3B-E1D0F90C3609}"
EndProject
Project("{9A19103F-16F7-4668-BE54-9A1E7A4F7556}") = "DataBrowser.AC.Modules", "src\DataBrowser.AC.Modules\DataBrowser.AC.Modules.csproj", "{0065B2FD-3986-4067-A0DF-12D501694411}"
EndProject
Project("{2150E333-8FDC-42A3-9474-1A3956D46DE8}") = "Domain", "Domain", "{A81897EF-EF61-4ACF-AE8A-3A1513E0979B}"
EndProject
Project("{9A19103F-16F7-4668-BE54-9A1E7A4F7556}") = "DataBrowser.Subcribers", "src\DataBrowser.Subcribers\DataBrowser.Subcribers.csproj", "{7E5A825C-5D5E-49AC-AAA6-EE986FD90F81}"
EndProject
Project("{9A19103F-16F7-4668-BE54-9A1E7A4F7556}") = "DataBrowser.Domain", "src\DataBrowser.Domain\DataBrowser.Domain.csproj", "{8AAE5400-C5FD-47F2-B3C8-53CE444E5424}"
EndProject
Project("{9A19103F-16F7-4668-BE54-9A1E7A4F7556}") = "DataBrowser.DB.Dapper", "src\DataBrowser.DB.Dapper\DataBrowser.DB.Dapper.csproj", "{EFEF64C0-788B-4FF5-8E4A-93A712CB0E4A}"
EndProject
Project("{9A19103F-16F7-4668-BE54-9A1E7A4F7556}") = "TracertLOg", "src\TracertLOg\TracertLOg.csproj", "{D9F7CA2A-106C-4EBF-AB10-6AECD2B07396}"
EndProject
Project("{9A19103F-16F7-4668-BE54-9A1E7A4F7556}") = "EndPointConnector.Interfaces.JsonStat", "src\EndPointConnector.Interfaces.JsonStat\EndPointConnector.Interfaces.JsonStat\EndPointConnector.Interfaces.JsonStat.csproj", "{DDA7F5D5-CE9F-452F-AD68-DF09F97D37DF}"
EndProject
Project("{9A19103F-16F7-4668-BE54-9A1E7A4F7556}") = "DataBrowser.DomainServices", "src\DataBrowser.DomainServices\DataBrowser.DomainServices.csproj", "{5C7DEDE1-6402-4468-AA68-E4213C49B694}"
EndProject
Project("{9A19103F-16F7-4668-BE54-9A1E7A4F7556}") = "DataBrowser.DomainServices.Interfaces", "src\DataBrowser.DomainServices.Interfaces\DataBrowser.DomainServices.Interfaces.csproj", "{06E01DAF-EBA5-4278-88BE-78F2E2712E4C}"
EndProject
Project("{9A19103F-16F7-4668-BE54-9A1E7A4F7556}") = "DataBrowser.INF.MemoryCache", "src\DataBrowser.INF.MemoryCache\DataBrowser.INF.MemoryCache.csproj", "{022A58F7-6265-49E9-860A-C024A96319D2}"
EndProject
Project("{9A19103F-16F7-4668-BE54-9A1E7A4F7556}") = "DataBrowser.AC.Utility", "src\DataBrowser.AC.Utility\DataBrowser.AC.Utility.csproj", "{48B4E124-26B5-4DE5-9DFD-EE1675FF836F}"
EndProject
Project("{9A19103F-16F7-4668-BE54-9A1E7A4F7556}") = "DataBrowser.AuthenticationAuthorization", "src\DataBrowser.AuthenticationAuthorization\DataBrowser.AuthenticationAuthorization.csproj", "{E8B2F11F-6298-4032-BB3B-E042991C3220}"
EndProject
Project("{2150E333-8FDC-42A3-9474-1A3956D46DE8}") = "CQRS", "CQRS", "{DF639158-6BBF-4F75-8661-4C3626CEF47D}"
EndProject
Project("{9A19103F-16F7-4668-BE54-9A1E7A4F7556}") = "DataBrowser.INF.DataflowDataCache", "src\DataBrowser.INF.DataflowDataCache\DataBrowser.INF.DataflowDataCache.csproj", "{58032912-BA55-452B-8D52-EA9281393F11}"
EndProject
Project("{9A19103F-16F7-4668-BE54-9A1E7A4F7556}") = "DataBrowser.INF.Mail", "src\DataBrowser.INF.Mail\DataBrowser.INF.Mail.csproj", "{38041F41-1B3E-4091-A91B-6D3DDFBC5C90}"
EndProject
Project("{9A19103F-16F7-4668-BE54-9A1E7A4F7556}") = "DataBrowser.Updater", "src\DataBrowser.Updater\DataBrowser.Updater.csproj", "{CAEF936E-2241-468F-92A5-5301A7B13B0B}"
EndProject
Project("{9A19103F-16F7-4668-BE54-9A1E7A4F7556}") = "EuroStatLibrary", "test\EuroStatLibrary\EuroStatLibrary.csproj", "{6631168C-01BC-4ACD-A380-56D2DA15BB2C}"
EndProject
Project("{FAE04EC0-301F-11D3-BF4B-00C04F79EFBC}") = "DataBrowser.Scheduler.Worker", "src\DataBrowser.Scheduler.Worker\DataBrowser.Scheduler.Worker.csproj", "{37C2F1B8-B737-4074-A4A8-ACFE2210B756}"
EndProject
Global
	GlobalSection(SolutionConfigurationPlatforms) = preSolution
		Debug|Any CPU = Debug|Any CPU
		Release|Any CPU = Release|Any CPU
	EndGlobalSection
	GlobalSection(ProjectConfigurationPlatforms) = postSolution
		{BD216595-55E1-446A-89D3-1C978326B6D4}.Debug|Any CPU.ActiveCfg = Debug|Any CPU
		{BD216595-55E1-446A-89D3-1C978326B6D4}.Debug|Any CPU.Build.0 = Debug|Any CPU
		{BD216595-55E1-446A-89D3-1C978326B6D4}.Release|Any CPU.ActiveCfg = Release|Any CPU
		{BD216595-55E1-446A-89D3-1C978326B6D4}.Release|Any CPU.Build.0 = Release|Any CPU
		{4F2A8AFA-99E9-4EA8-ADE3-1436A7C93258}.Debug|Any CPU.ActiveCfg = Debug|Any CPU
		{4F2A8AFA-99E9-4EA8-ADE3-1436A7C93258}.Debug|Any CPU.Build.0 = Debug|Any CPU
		{4F2A8AFA-99E9-4EA8-ADE3-1436A7C93258}.Release|Any CPU.ActiveCfg = Release|Any CPU
		{4F2A8AFA-99E9-4EA8-ADE3-1436A7C93258}.Release|Any CPU.Build.0 = Release|Any CPU
		{C9428F2C-85BF-415D-ABF2-9C635EAC0C86}.Debug|Any CPU.ActiveCfg = Debug|Any CPU
		{C9428F2C-85BF-415D-ABF2-9C635EAC0C86}.Debug|Any CPU.Build.0 = Debug|Any CPU
		{C9428F2C-85BF-415D-ABF2-9C635EAC0C86}.Release|Any CPU.ActiveCfg = Release|Any CPU
		{C9428F2C-85BF-415D-ABF2-9C635EAC0C86}.Release|Any CPU.Build.0 = Release|Any CPU
		{A84617ED-A571-4B81-9A3C-E386F4F58E22}.Debug|Any CPU.ActiveCfg = Debug|Any CPU
		{A84617ED-A571-4B81-9A3C-E386F4F58E22}.Debug|Any CPU.Build.0 = Debug|Any CPU
		{A84617ED-A571-4B81-9A3C-E386F4F58E22}.Release|Any CPU.ActiveCfg = Release|Any CPU
		{A84617ED-A571-4B81-9A3C-E386F4F58E22}.Release|Any CPU.Build.0 = Release|Any CPU
		{77E86457-38E3-429D-A4A3-5ECEB04EC1E4}.Debug|Any CPU.ActiveCfg = Debug|Any CPU
		{77E86457-38E3-429D-A4A3-5ECEB04EC1E4}.Debug|Any CPU.Build.0 = Debug|Any CPU
		{77E86457-38E3-429D-A4A3-5ECEB04EC1E4}.Release|Any CPU.ActiveCfg = Release|Any CPU
		{77E86457-38E3-429D-A4A3-5ECEB04EC1E4}.Release|Any CPU.Build.0 = Release|Any CPU
		{C5B9E7B7-6930-4EEC-8E06-FC1C939E2FAC}.Debug|Any CPU.ActiveCfg = Debug|Any CPU
		{C5B9E7B7-6930-4EEC-8E06-FC1C939E2FAC}.Debug|Any CPU.Build.0 = Debug|Any CPU
		{C5B9E7B7-6930-4EEC-8E06-FC1C939E2FAC}.Release|Any CPU.ActiveCfg = Release|Any CPU
		{C5B9E7B7-6930-4EEC-8E06-FC1C939E2FAC}.Release|Any CPU.Build.0 = Release|Any CPU
		{76A6648A-24E4-4A43-BBAB-DA78066AAFE3}.Debug|Any CPU.ActiveCfg = Debug|Any CPU
		{76A6648A-24E4-4A43-BBAB-DA78066AAFE3}.Debug|Any CPU.Build.0 = Debug|Any CPU
		{76A6648A-24E4-4A43-BBAB-DA78066AAFE3}.Release|Any CPU.ActiveCfg = Release|Any CPU
		{76A6648A-24E4-4A43-BBAB-DA78066AAFE3}.Release|Any CPU.Build.0 = Release|Any CPU
		{C3E5FF46-2628-4BCE-B390-3870DA25E7F7}.Debug|Any CPU.ActiveCfg = Debug|Any CPU
		{C3E5FF46-2628-4BCE-B390-3870DA25E7F7}.Debug|Any CPU.Build.0 = Debug|Any CPU
		{C3E5FF46-2628-4BCE-B390-3870DA25E7F7}.Release|Any CPU.ActiveCfg = Release|Any CPU
		{C3E5FF46-2628-4BCE-B390-3870DA25E7F7}.Release|Any CPU.Build.0 = Release|Any CPU
		{56EBC163-3B57-42F2-90E0-9F3C5EE4579B}.Debug|Any CPU.ActiveCfg = Debug|Any CPU
		{56EBC163-3B57-42F2-90E0-9F3C5EE4579B}.Debug|Any CPU.Build.0 = Debug|Any CPU
		{56EBC163-3B57-42F2-90E0-9F3C5EE4579B}.Release|Any CPU.ActiveCfg = Release|Any CPU
		{56EBC163-3B57-42F2-90E0-9F3C5EE4579B}.Release|Any CPU.Build.0 = Release|Any CPU
		{E9E70C6E-B5DF-4941-8603-F335DDCA7377}.Debug|Any CPU.ActiveCfg = Debug|Any CPU
		{E9E70C6E-B5DF-4941-8603-F335DDCA7377}.Debug|Any CPU.Build.0 = Debug|Any CPU
		{E9E70C6E-B5DF-4941-8603-F335DDCA7377}.Release|Any CPU.ActiveCfg = Release|Any CPU
		{E9E70C6E-B5DF-4941-8603-F335DDCA7377}.Release|Any CPU.Build.0 = Release|Any CPU
		{6B7488A0-EA35-4D4B-956C-0D410A5C043F}.Debug|Any CPU.ActiveCfg = Debug|Any CPU
		{6B7488A0-EA35-4D4B-956C-0D410A5C043F}.Debug|Any CPU.Build.0 = Debug|Any CPU
		{6B7488A0-EA35-4D4B-956C-0D410A5C043F}.Release|Any CPU.ActiveCfg = Release|Any CPU
		{6B7488A0-EA35-4D4B-956C-0D410A5C043F}.Release|Any CPU.Build.0 = Release|Any CPU
		{CA74002C-D440-4193-BE3C-7951AB864565}.Debug|Any CPU.ActiveCfg = Debug|Any CPU
		{CA74002C-D440-4193-BE3C-7951AB864565}.Debug|Any CPU.Build.0 = Debug|Any CPU
		{CA74002C-D440-4193-BE3C-7951AB864565}.Release|Any CPU.ActiveCfg = Release|Any CPU
		{CA74002C-D440-4193-BE3C-7951AB864565}.Release|Any CPU.Build.0 = Release|Any CPU
		{F9D55C16-E2B4-4FF2-8E42-8933A52A686E}.Debug|Any CPU.ActiveCfg = Debug|Any CPU
		{F9D55C16-E2B4-4FF2-8E42-8933A52A686E}.Debug|Any CPU.Build.0 = Debug|Any CPU
		{F9D55C16-E2B4-4FF2-8E42-8933A52A686E}.Release|Any CPU.ActiveCfg = Release|Any CPU
		{F9D55C16-E2B4-4FF2-8E42-8933A52A686E}.Release|Any CPU.Build.0 = Release|Any CPU
		{EA5AA3A3-1DB6-456C-BF2D-ABCB797B058C}.Debug|Any CPU.ActiveCfg = Debug|Any CPU
		{EA5AA3A3-1DB6-456C-BF2D-ABCB797B058C}.Debug|Any CPU.Build.0 = Debug|Any CPU
		{EA5AA3A3-1DB6-456C-BF2D-ABCB797B058C}.Release|Any CPU.ActiveCfg = Release|Any CPU
		{EA5AA3A3-1DB6-456C-BF2D-ABCB797B058C}.Release|Any CPU.Build.0 = Release|Any CPU
		{F6DEB2D9-7020-4A3A-808B-B76D002F20B8}.Debug|Any CPU.ActiveCfg = Debug|Any CPU
		{F6DEB2D9-7020-4A3A-808B-B76D002F20B8}.Debug|Any CPU.Build.0 = Debug|Any CPU
		{F6DEB2D9-7020-4A3A-808B-B76D002F20B8}.Release|Any CPU.ActiveCfg = Release|Any CPU
		{F6DEB2D9-7020-4A3A-808B-B76D002F20B8}.Release|Any CPU.Build.0 = Release|Any CPU
		{659DD33A-BF3F-46D4-930C-CC696C5DC821}.Debug|Any CPU.ActiveCfg = Debug|Any CPU
		{659DD33A-BF3F-46D4-930C-CC696C5DC821}.Debug|Any CPU.Build.0 = Debug|Any CPU
		{659DD33A-BF3F-46D4-930C-CC696C5DC821}.Release|Any CPU.ActiveCfg = Release|Any CPU
		{659DD33A-BF3F-46D4-930C-CC696C5DC821}.Release|Any CPU.Build.0 = Release|Any CPU
		{1E3BBDF4-BA76-4945-9BCF-3059F0CE3E07}.Debug|Any CPU.ActiveCfg = Debug|Any CPU
		{1E3BBDF4-BA76-4945-9BCF-3059F0CE3E07}.Debug|Any CPU.Build.0 = Debug|Any CPU
		{1E3BBDF4-BA76-4945-9BCF-3059F0CE3E07}.Release|Any CPU.ActiveCfg = Release|Any CPU
		{1E3BBDF4-BA76-4945-9BCF-3059F0CE3E07}.Release|Any CPU.Build.0 = Release|Any CPU
		{EC0E3B2A-2C7C-4D3A-95E3-4C71450BF485}.Debug|Any CPU.ActiveCfg = Debug|Any CPU
		{EC0E3B2A-2C7C-4D3A-95E3-4C71450BF485}.Debug|Any CPU.Build.0 = Debug|Any CPU
		{EC0E3B2A-2C7C-4D3A-95E3-4C71450BF485}.Release|Any CPU.ActiveCfg = Release|Any CPU
		{EC0E3B2A-2C7C-4D3A-95E3-4C71450BF485}.Release|Any CPU.Build.0 = Release|Any CPU
		{DF04735A-70B0-496B-89E8-70DF3EA393C1}.Debug|Any CPU.ActiveCfg = Debug|Any CPU
		{DF04735A-70B0-496B-89E8-70DF3EA393C1}.Debug|Any CPU.Build.0 = Debug|Any CPU
		{DF04735A-70B0-496B-89E8-70DF3EA393C1}.Release|Any CPU.ActiveCfg = Release|Any CPU
		{DF04735A-70B0-496B-89E8-70DF3EA393C1}.Release|Any CPU.Build.0 = Release|Any CPU
		{DA56C3A5-84D3-4053-9B5E-9036B710B7F2}.Debug|Any CPU.ActiveCfg = Debug|Any CPU
		{DA56C3A5-84D3-4053-9B5E-9036B710B7F2}.Debug|Any CPU.Build.0 = Debug|Any CPU
		{DA56C3A5-84D3-4053-9B5E-9036B710B7F2}.Release|Any CPU.ActiveCfg = Release|Any CPU
		{DA56C3A5-84D3-4053-9B5E-9036B710B7F2}.Release|Any CPU.Build.0 = Release|Any CPU
		{B8D7032E-9E4D-4F19-AD9C-3B10A1AF196F}.Debug|Any CPU.ActiveCfg = Debug|Any CPU
		{B8D7032E-9E4D-4F19-AD9C-3B10A1AF196F}.Debug|Any CPU.Build.0 = Debug|Any CPU
		{B8D7032E-9E4D-4F19-AD9C-3B10A1AF196F}.Release|Any CPU.ActiveCfg = Release|Any CPU
		{B8D7032E-9E4D-4F19-AD9C-3B10A1AF196F}.Release|Any CPU.Build.0 = Release|Any CPU
		{C464C78D-834E-4541-8800-599147BB2A5D}.Debug|Any CPU.ActiveCfg = Debug|Any CPU
		{C464C78D-834E-4541-8800-599147BB2A5D}.Debug|Any CPU.Build.0 = Debug|Any CPU
		{C464C78D-834E-4541-8800-599147BB2A5D}.Release|Any CPU.ActiveCfg = Release|Any CPU
		{C464C78D-834E-4541-8800-599147BB2A5D}.Release|Any CPU.Build.0 = Release|Any CPU
		{679F7F6E-73D7-468A-8309-A4BA672BEDBF}.Debug|Any CPU.ActiveCfg = Debug|Any CPU
		{679F7F6E-73D7-468A-8309-A4BA672BEDBF}.Debug|Any CPU.Build.0 = Debug|Any CPU
		{679F7F6E-73D7-468A-8309-A4BA672BEDBF}.Release|Any CPU.ActiveCfg = Release|Any CPU
		{679F7F6E-73D7-468A-8309-A4BA672BEDBF}.Release|Any CPU.Build.0 = Release|Any CPU
		{E6398DE4-FBCF-4279-BD3B-E1D0F90C3609}.Debug|Any CPU.ActiveCfg = Debug|Any CPU
		{E6398DE4-FBCF-4279-BD3B-E1D0F90C3609}.Debug|Any CPU.Build.0 = Debug|Any CPU
		{E6398DE4-FBCF-4279-BD3B-E1D0F90C3609}.Release|Any CPU.ActiveCfg = Release|Any CPU
		{E6398DE4-FBCF-4279-BD3B-E1D0F90C3609}.Release|Any CPU.Build.0 = Release|Any CPU
		{0065B2FD-3986-4067-A0DF-12D501694411}.Debug|Any CPU.ActiveCfg = Debug|Any CPU
		{0065B2FD-3986-4067-A0DF-12D501694411}.Debug|Any CPU.Build.0 = Debug|Any CPU
		{0065B2FD-3986-4067-A0DF-12D501694411}.Release|Any CPU.ActiveCfg = Release|Any CPU
		{0065B2FD-3986-4067-A0DF-12D501694411}.Release|Any CPU.Build.0 = Release|Any CPU
		{7E5A825C-5D5E-49AC-AAA6-EE986FD90F81}.Debug|Any CPU.ActiveCfg = Debug|Any CPU
		{7E5A825C-5D5E-49AC-AAA6-EE986FD90F81}.Debug|Any CPU.Build.0 = Debug|Any CPU
		{7E5A825C-5D5E-49AC-AAA6-EE986FD90F81}.Release|Any CPU.ActiveCfg = Release|Any CPU
		{7E5A825C-5D5E-49AC-AAA6-EE986FD90F81}.Release|Any CPU.Build.0 = Release|Any CPU
		{8AAE5400-C5FD-47F2-B3C8-53CE444E5424}.Debug|Any CPU.ActiveCfg = Debug|Any CPU
		{8AAE5400-C5FD-47F2-B3C8-53CE444E5424}.Debug|Any CPU.Build.0 = Debug|Any CPU
		{8AAE5400-C5FD-47F2-B3C8-53CE444E5424}.Release|Any CPU.ActiveCfg = Release|Any CPU
		{8AAE5400-C5FD-47F2-B3C8-53CE444E5424}.Release|Any CPU.Build.0 = Release|Any CPU
		{EFEF64C0-788B-4FF5-8E4A-93A712CB0E4A}.Debug|Any CPU.ActiveCfg = Debug|Any CPU
		{EFEF64C0-788B-4FF5-8E4A-93A712CB0E4A}.Debug|Any CPU.Build.0 = Debug|Any CPU
		{EFEF64C0-788B-4FF5-8E4A-93A712CB0E4A}.Release|Any CPU.ActiveCfg = Release|Any CPU
		{EFEF64C0-788B-4FF5-8E4A-93A712CB0E4A}.Release|Any CPU.Build.0 = Release|Any CPU
		{D9F7CA2A-106C-4EBF-AB10-6AECD2B07396}.Debug|Any CPU.ActiveCfg = Debug|Any CPU
		{D9F7CA2A-106C-4EBF-AB10-6AECD2B07396}.Debug|Any CPU.Build.0 = Debug|Any CPU
		{D9F7CA2A-106C-4EBF-AB10-6AECD2B07396}.Release|Any CPU.ActiveCfg = Release|Any CPU
		{D9F7CA2A-106C-4EBF-AB10-6AECD2B07396}.Release|Any CPU.Build.0 = Release|Any CPU
		{DDA7F5D5-CE9F-452F-AD68-DF09F97D37DF}.Debug|Any CPU.ActiveCfg = Debug|Any CPU
		{DDA7F5D5-CE9F-452F-AD68-DF09F97D37DF}.Debug|Any CPU.Build.0 = Debug|Any CPU
		{DDA7F5D5-CE9F-452F-AD68-DF09F97D37DF}.Release|Any CPU.ActiveCfg = Release|Any CPU
		{DDA7F5D5-CE9F-452F-AD68-DF09F97D37DF}.Release|Any CPU.Build.0 = Release|Any CPU
		{5C7DEDE1-6402-4468-AA68-E4213C49B694}.Debug|Any CPU.ActiveCfg = Debug|Any CPU
		{5C7DEDE1-6402-4468-AA68-E4213C49B694}.Debug|Any CPU.Build.0 = Debug|Any CPU
		{5C7DEDE1-6402-4468-AA68-E4213C49B694}.Release|Any CPU.ActiveCfg = Release|Any CPU
		{5C7DEDE1-6402-4468-AA68-E4213C49B694}.Release|Any CPU.Build.0 = Release|Any CPU
		{06E01DAF-EBA5-4278-88BE-78F2E2712E4C}.Debug|Any CPU.ActiveCfg = Debug|Any CPU
		{06E01DAF-EBA5-4278-88BE-78F2E2712E4C}.Debug|Any CPU.Build.0 = Debug|Any CPU
		{06E01DAF-EBA5-4278-88BE-78F2E2712E4C}.Release|Any CPU.ActiveCfg = Release|Any CPU
		{06E01DAF-EBA5-4278-88BE-78F2E2712E4C}.Release|Any CPU.Build.0 = Release|Any CPU
		{022A58F7-6265-49E9-860A-C024A96319D2}.Debug|Any CPU.ActiveCfg = Debug|Any CPU
		{022A58F7-6265-49E9-860A-C024A96319D2}.Debug|Any CPU.Build.0 = Debug|Any CPU
		{022A58F7-6265-49E9-860A-C024A96319D2}.Release|Any CPU.ActiveCfg = Release|Any CPU
		{022A58F7-6265-49E9-860A-C024A96319D2}.Release|Any CPU.Build.0 = Release|Any CPU
		{48B4E124-26B5-4DE5-9DFD-EE1675FF836F}.Debug|Any CPU.ActiveCfg = Debug|Any CPU
		{48B4E124-26B5-4DE5-9DFD-EE1675FF836F}.Debug|Any CPU.Build.0 = Debug|Any CPU
		{48B4E124-26B5-4DE5-9DFD-EE1675FF836F}.Release|Any CPU.ActiveCfg = Release|Any CPU
		{48B4E124-26B5-4DE5-9DFD-EE1675FF836F}.Release|Any CPU.Build.0 = Release|Any CPU
		{E8B2F11F-6298-4032-BB3B-E042991C3220}.Debug|Any CPU.ActiveCfg = Debug|Any CPU
		{E8B2F11F-6298-4032-BB3B-E042991C3220}.Debug|Any CPU.Build.0 = Debug|Any CPU
		{E8B2F11F-6298-4032-BB3B-E042991C3220}.Release|Any CPU.ActiveCfg = Release|Any CPU
		{E8B2F11F-6298-4032-BB3B-E042991C3220}.Release|Any CPU.Build.0 = Release|Any CPU
		{58032912-BA55-452B-8D52-EA9281393F11}.Debug|Any CPU.ActiveCfg = Debug|Any CPU
		{58032912-BA55-452B-8D52-EA9281393F11}.Debug|Any CPU.Build.0 = Debug|Any CPU
		{58032912-BA55-452B-8D52-EA9281393F11}.Release|Any CPU.ActiveCfg = Release|Any CPU
		{58032912-BA55-452B-8D52-EA9281393F11}.Release|Any CPU.Build.0 = Release|Any CPU
		{38041F41-1B3E-4091-A91B-6D3DDFBC5C90}.Debug|Any CPU.ActiveCfg = Debug|Any CPU
		{38041F41-1B3E-4091-A91B-6D3DDFBC5C90}.Debug|Any CPU.Build.0 = Debug|Any CPU
		{38041F41-1B3E-4091-A91B-6D3DDFBC5C90}.Release|Any CPU.ActiveCfg = Release|Any CPU
		{38041F41-1B3E-4091-A91B-6D3DDFBC5C90}.Release|Any CPU.Build.0 = Release|Any CPU
		{CAEF936E-2241-468F-92A5-5301A7B13B0B}.Debug|Any CPU.ActiveCfg = Debug|Any CPU
		{CAEF936E-2241-468F-92A5-5301A7B13B0B}.Debug|Any CPU.Build.0 = Debug|Any CPU
		{CAEF936E-2241-468F-92A5-5301A7B13B0B}.Release|Any CPU.ActiveCfg = Release|Any CPU
		{CAEF936E-2241-468F-92A5-5301A7B13B0B}.Release|Any CPU.Build.0 = Release|Any CPU
		{6631168C-01BC-4ACD-A380-56D2DA15BB2C}.Debug|Any CPU.ActiveCfg = Debug|Any CPU
		{6631168C-01BC-4ACD-A380-56D2DA15BB2C}.Debug|Any CPU.Build.0 = Debug|Any CPU
		{6631168C-01BC-4ACD-A380-56D2DA15BB2C}.Release|Any CPU.ActiveCfg = Release|Any CPU
		{6631168C-01BC-4ACD-A380-56D2DA15BB2C}.Release|Any CPU.Build.0 = Release|Any CPU
		{37C2F1B8-B737-4074-A4A8-ACFE2210B756}.Debug|Any CPU.ActiveCfg = Debug|Any CPU
		{37C2F1B8-B737-4074-A4A8-ACFE2210B756}.Debug|Any CPU.Build.0 = Debug|Any CPU
		{37C2F1B8-B737-4074-A4A8-ACFE2210B756}.Release|Any CPU.ActiveCfg = Release|Any CPU
		{37C2F1B8-B737-4074-A4A8-ACFE2210B756}.Release|Any CPU.Build.0 = Release|Any CPU
	EndGlobalSection
	GlobalSection(SolutionProperties) = preSolution
		HideSolutionNode = FALSE
	EndGlobalSection
	GlobalSection(NestedProjects) = preSolution
		{4F2A8AFA-99E9-4EA8-ADE3-1436A7C93258} = {DF639158-6BBF-4F75-8661-4C3626CEF47D}
		{C9428F2C-85BF-415D-ABF2-9C635EAC0C86} = {4C01DAD7-6A4D-4C3D-ACB1-71A8B525D13B}
		{A84617ED-A571-4B81-9A3C-E386F4F58E22} = {4C01DAD7-6A4D-4C3D-ACB1-71A8B525D13B}
		{77E86457-38E3-429D-A4A3-5ECEB04EC1E4} = {96197DFD-FCFC-4B3F-9D78-423CD1884E03}
		{C5B9E7B7-6930-4EEC-8E06-FC1C939E2FAC} = {633BE539-C582-4F13-8050-11CCA6F55586}
		{76A6648A-24E4-4A43-BBAB-DA78066AAFE3} = {633BE539-C582-4F13-8050-11CCA6F55586}
		{C3E5FF46-2628-4BCE-B390-3870DA25E7F7} = {A81897EF-EF61-4ACF-AE8A-3A1513E0979B}
		{56EBC163-3B57-42F2-90E0-9F3C5EE4579B} = {4C01DAD7-6A4D-4C3D-ACB1-71A8B525D13B}
		{E9E70C6E-B5DF-4941-8603-F335DDCA7377} = {96197DFD-FCFC-4B3F-9D78-423CD1884E03}
		{6B7488A0-EA35-4D4B-956C-0D410A5C043F} = {633BE539-C582-4F13-8050-11CCA6F55586}
		{CA74002C-D440-4193-BE3C-7951AB864565} = {B50F6589-766F-497A-BCA5-39F92272485F}
		{F9D55C16-E2B4-4FF2-8E42-8933A52A686E} = {B50F6589-766F-497A-BCA5-39F92272485F}
		{EA5AA3A3-1DB6-456C-BF2D-ABCB797B058C} = {B50F6589-766F-497A-BCA5-39F92272485F}
		{F6DEB2D9-7020-4A3A-808B-B76D002F20B8} = {A81897EF-EF61-4ACF-AE8A-3A1513E0979B}
		{659DD33A-BF3F-46D4-930C-CC696C5DC821} = {B50F6589-766F-497A-BCA5-39F92272485F}
		{1E3BBDF4-BA76-4945-9BCF-3059F0CE3E07} = {B50F6589-766F-497A-BCA5-39F92272485F}
		{EC0E3B2A-2C7C-4D3A-95E3-4C71450BF485} = {B50F6589-766F-497A-BCA5-39F92272485F}
		{DF04735A-70B0-496B-89E8-70DF3EA393C1} = {B50F6589-766F-497A-BCA5-39F92272485F}
		{DA56C3A5-84D3-4053-9B5E-9036B710B7F2} = {4C01DAD7-6A4D-4C3D-ACB1-71A8B525D13B}
		{B8D7032E-9E4D-4F19-AD9C-3B10A1AF196F} = {4C01DAD7-6A4D-4C3D-ACB1-71A8B525D13B}
		{C464C78D-834E-4541-8800-599147BB2A5D} = {4C01DAD7-6A4D-4C3D-ACB1-71A8B525D13B}
		{679F7F6E-73D7-468A-8309-A4BA672BEDBF} = {DF639158-6BBF-4F75-8661-4C3626CEF47D}
		{E6398DE4-FBCF-4279-BD3B-E1D0F90C3609} = {DF639158-6BBF-4F75-8661-4C3626CEF47D}
		{0065B2FD-3986-4067-A0DF-12D501694411} = {96197DFD-FCFC-4B3F-9D78-423CD1884E03}
		{A81897EF-EF61-4ACF-AE8A-3A1513E0979B} = {96197DFD-FCFC-4B3F-9D78-423CD1884E03}
		{7E5A825C-5D5E-49AC-AAA6-EE986FD90F81} = {96197DFD-FCFC-4B3F-9D78-423CD1884E03}
		{8AAE5400-C5FD-47F2-B3C8-53CE444E5424} = {A81897EF-EF61-4ACF-AE8A-3A1513E0979B}
		{EFEF64C0-788B-4FF5-8E4A-93A712CB0E4A} = {633BE539-C582-4F13-8050-11CCA6F55586}
		{D9F7CA2A-106C-4EBF-AB10-6AECD2B07396} = {633BE539-C582-4F13-8050-11CCA6F55586}
		{DDA7F5D5-CE9F-452F-AD68-DF09F97D37DF} = {B50F6589-766F-497A-BCA5-39F92272485F}
		{5C7DEDE1-6402-4468-AA68-E4213C49B694} = {A81897EF-EF61-4ACF-AE8A-3A1513E0979B}
		{06E01DAF-EBA5-4278-88BE-78F2E2712E4C} = {A81897EF-EF61-4ACF-AE8A-3A1513E0979B}
		{022A58F7-6265-49E9-860A-C024A96319D2} = {633BE539-C582-4F13-8050-11CCA6F55586}
		{48B4E124-26B5-4DE5-9DFD-EE1675FF836F} = {96197DFD-FCFC-4B3F-9D78-423CD1884E03}
		{E8B2F11F-6298-4032-BB3B-E042991C3220} = {96197DFD-FCFC-4B3F-9D78-423CD1884E03}
		{DF639158-6BBF-4F75-8661-4C3626CEF47D} = {96197DFD-FCFC-4B3F-9D78-423CD1884E03}
		{58032912-BA55-452B-8D52-EA9281393F11} = {633BE539-C582-4F13-8050-11CCA6F55586}
		{38041F41-1B3E-4091-A91B-6D3DDFBC5C90} = {633BE539-C582-4F13-8050-11CCA6F55586}
		{CAEF936E-2241-468F-92A5-5301A7B13B0B} = {633BE539-C582-4F13-8050-11CCA6F55586}
		{6631168C-01BC-4ACD-A380-56D2DA15BB2C} = {4C01DAD7-6A4D-4C3D-ACB1-71A8B525D13B}
		{37C2F1B8-B737-4074-A4A8-ACFE2210B756} = {633BE539-C582-4F13-8050-11CCA6F55586}
	EndGlobalSection
	GlobalSection(ExtensibilityGlobals) = postSolution
		SolutionGuid = {92EE91A0-8B63-4BDD-97A7-A188D0D5E3EB}
	EndGlobalSection
EndGlobal
